// !$*UTF8*$!
{
	archiveVersion = 1;
	classes = {
	};
	objectVersion = 50;
	objects = {

/* Begin PBXBuildFile section */
		28E6E0F2C770FE4E1B18F0E6 /* Pods_Assignment1_Flix.framework in Frameworks */ = {isa = PBXBuildFile; fileRef = B21007FF3DD5E04E0D9DF713 /* Pods_Assignment1_Flix.framework */; };
		2C8E5FB42D7CBD85F710695E /* Pods_Assignment1_FlixUITests.framework in Frameworks */ = {isa = PBXBuildFile; fileRef = 7C8E97E9CA20E645607D93B0 /* Pods_Assignment1_FlixUITests.framework */; };
		4135DD5ACA42E7638050E007 /* Pods_Assignment1_FlixTests.framework in Frameworks */ = {isa = PBXBuildFile; fileRef = E2699ECAB8575431E5A6C6F1 /* Pods_Assignment1_FlixTests.framework */; };
		C59690FE216141D1003CDCB3 /* AppDelegate.swift in Sources */ = {isa = PBXBuildFile; fileRef = C59690FD216141D1003CDCB3 /* AppDelegate.swift */; };
		C5969103216141D1003CDCB3 /* Main.storyboard in Resources */ = {isa = PBXBuildFile; fileRef = C5969101216141D1003CDCB3 /* Main.storyboard */; };
		C5969105216141D2003CDCB3 /* Assets.xcassets in Resources */ = {isa = PBXBuildFile; fileRef = C5969104216141D2003CDCB3 /* Assets.xcassets */; };
		C5969108216141D2003CDCB3 /* LaunchScreen.storyboard in Resources */ = {isa = PBXBuildFile; fileRef = C5969106216141D2003CDCB3 /* LaunchScreen.storyboard */; };
		C5969113216141D2003CDCB3 /* Assignment1_FlixTests.swift in Sources */ = {isa = PBXBuildFile; fileRef = C5969112216141D2003CDCB3 /* Assignment1_FlixTests.swift */; };
		C596911E216141D2003CDCB3 /* Assignment1_FlixUITests.swift in Sources */ = {isa = PBXBuildFile; fileRef = C596911D216141D2003CDCB3 /* Assignment1_FlixUITests.swift */; };
		C596912C21629296003CDCB3 /* NowPlayingViewController.swift in Sources */ = {isa = PBXBuildFile; fileRef = C596912B21629296003CDCB3 /* NowPlayingViewController.swift */; };
		C596912E2162AA54003CDCB3 /* MovieCell.swift in Sources */ = {isa = PBXBuildFile; fileRef = C596912D2162AA54003CDCB3 /* MovieCell.swift */; };
/* End PBXBuildFile section */

/* Begin PBXContainerItemProxy section */
		C596910F216141D2003CDCB3 /* PBXContainerItemProxy */ = {
			isa = PBXContainerItemProxy;
			containerPortal = C59690F2216141D1003CDCB3 /* Project object */;
			proxyType = 1;
			remoteGlobalIDString = C59690F9216141D1003CDCB3;
			remoteInfo = Assignment1_Flix;
		};
		C596911A216141D2003CDCB3 /* PBXContainerItemProxy */ = {
			isa = PBXContainerItemProxy;
			containerPortal = C59690F2216141D1003CDCB3 /* Project object */;
			proxyType = 1;
			remoteGlobalIDString = C59690F9216141D1003CDCB3;
			remoteInfo = Assignment1_Flix;
		};
/* End PBXContainerItemProxy section */

/* Begin PBXFileReference section */
		18122AFEA757C32E9F6A3E58 /* Pods-Assignment1_FlixTests.release.xcconfig */ = {isa = PBXFileReference; includeInIndex = 1; lastKnownFileType = text.xcconfig; name = "Pods-Assignment1_FlixTests.release.xcconfig"; path = "Pods/Target Support Files/Pods-Assignment1_FlixTests/Pods-Assignment1_FlixTests.release.xcconfig"; sourceTree = "<group>"; };
		1E01B193BAACA22543CF562B /* Pods-Assignment1_FlixTests.debug.xcconfig */ = {isa = PBXFileReference; includeInIndex = 1; lastKnownFileType = text.xcconfig; name = "Pods-Assignment1_FlixTests.debug.xcconfig"; path = "Pods/Target Support Files/Pods-Assignment1_FlixTests/Pods-Assignment1_FlixTests.debug.xcconfig"; sourceTree = "<group>"; };
		7C8E97E9CA20E645607D93B0 /* Pods_Assignment1_FlixUITests.framework */ = {isa = PBXFileReference; explicitFileType = wrapper.framework; includeInIndex = 0; path = Pods_Assignment1_FlixUITests.framework; sourceTree = BUILT_PRODUCTS_DIR; };
		8220957896383FD4B5B77169 /* Pods-Assignment1_FlixUITests.debug.xcconfig */ = {isa = PBXFileReference; includeInIndex = 1; lastKnownFileType = text.xcconfig; name = "Pods-Assignment1_FlixUITests.debug.xcconfig"; path = "Pods/Target Support Files/Pods-Assignment1_FlixUITests/Pods-Assignment1_FlixUITests.debug.xcconfig"; sourceTree = "<group>"; };
		B21007FF3DD5E04E0D9DF713 /* Pods_Assignment1_Flix.framework */ = {isa = PBXFileReference; explicitFileType = wrapper.framework; includeInIndex = 0; path = Pods_Assignment1_Flix.framework; sourceTree = BUILT_PRODUCTS_DIR; };
		C59690FA216141D1003CDCB3 /* Assignment1_Flix.app */ = {isa = PBXFileReference; explicitFileType = wrapper.application; includeInIndex = 0; path = Assignment1_Flix.app; sourceTree = BUILT_PRODUCTS_DIR; };
		C59690FD216141D1003CDCB3 /* AppDelegate.swift */ = {isa = PBXFileReference; lastKnownFileType = sourcecode.swift; path = AppDelegate.swift; sourceTree = "<group>"; };
		C5969102216141D1003CDCB3 /* Base */ = {isa = PBXFileReference; lastKnownFileType = file.storyboard; name = Base; path = Base.lproj/Main.storyboard; sourceTree = "<group>"; };
		C5969104216141D2003CDCB3 /* Assets.xcassets */ = {isa = PBXFileReference; lastKnownFileType = folder.assetcatalog; path = Assets.xcassets; sourceTree = "<group>"; };
		C5969107216141D2003CDCB3 /* Base */ = {isa = PBXFileReference; lastKnownFileType = file.storyboard; name = Base; path = Base.lproj/LaunchScreen.storyboard; sourceTree = "<group>"; };
		C5969109216141D2003CDCB3 /* Info.plist */ = {isa = PBXFileReference; lastKnownFileType = text.plist.xml; path = Info.plist; sourceTree = "<group>"; };
		C596910E216141D2003CDCB3 /* Assignment1_FlixTests.xctest */ = {isa = PBXFileReference; explicitFileType = wrapper.cfbundle; includeInIndex = 0; path = Assignment1_FlixTests.xctest; sourceTree = BUILT_PRODUCTS_DIR; };
		C5969112216141D2003CDCB3 /* Assignment1_FlixTests.swift */ = {isa = PBXFileReference; lastKnownFileType = sourcecode.swift; path = Assignment1_FlixTests.swift; sourceTree = "<group>"; };
		C5969114216141D2003CDCB3 /* Info.plist */ = {isa = PBXFileReference; lastKnownFileType = text.plist.xml; path = Info.plist; sourceTree = "<group>"; };
		C5969119216141D2003CDCB3 /* Assignment1_FlixUITests.xctest */ = {isa = PBXFileReference; explicitFileType = wrapper.cfbundle; includeInIndex = 0; path = Assignment1_FlixUITests.xctest; sourceTree = BUILT_PRODUCTS_DIR; };
		C596911D216141D2003CDCB3 /* Assignment1_FlixUITests.swift */ = {isa = PBXFileReference; lastKnownFileType = sourcecode.swift; path = Assignment1_FlixUITests.swift; sourceTree = "<group>"; };
		C596911F216141D2003CDCB3 /* Info.plist */ = {isa = PBXFileReference; lastKnownFileType = text.plist.xml; path = Info.plist; sourceTree = "<group>"; };
		C596912B21629296003CDCB3 /* NowPlayingViewController.swift */ = {isa = PBXFileReference; lastKnownFileType = sourcecode.swift; path = NowPlayingViewController.swift; sourceTree = "<group>"; };
		C596912D2162AA54003CDCB3 /* MovieCell.swift */ = {isa = PBXFileReference; lastKnownFileType = sourcecode.swift; path = MovieCell.swift; sourceTree = "<group>"; };
		D43A7747E13046FDA7A7F4DE /* Pods-Assignment1_FlixUITests.release.xcconfig */ = {isa = PBXFileReference; includeInIndex = 1; lastKnownFileType = text.xcconfig; name = "Pods-Assignment1_FlixUITests.release.xcconfig"; path = "Pods/Target Support Files/Pods-Assignment1_FlixUITests/Pods-Assignment1_FlixUITests.release.xcconfig"; sourceTree = "<group>"; };
		D677103B95E7BBD9B30B764F /* Pods-Assignment1_Flix.debug.xcconfig */ = {isa = PBXFileReference; includeInIndex = 1; lastKnownFileType = text.xcconfig; name = "Pods-Assignment1_Flix.debug.xcconfig"; path = "Pods/Target Support Files/Pods-Assignment1_Flix/Pods-Assignment1_Flix.debug.xcconfig"; sourceTree = "<group>"; };
		E2699ECAB8575431E5A6C6F1 /* Pods_Assignment1_FlixTests.framework */ = {isa = PBXFileReference; explicitFileType = wrapper.framework; includeInIndex = 0; path = Pods_Assignment1_FlixTests.framework; sourceTree = BUILT_PRODUCTS_DIR; };
		FAB4CFF4FF90B33A86EA9311 /* Pods-Assignment1_Flix.release.xcconfig */ = {isa = PBXFileReference; includeInIndex = 1; lastKnownFileType = text.xcconfig; name = "Pods-Assignment1_Flix.release.xcconfig"; path = "Pods/Target Support Files/Pods-Assignment1_Flix/Pods-Assignment1_Flix.release.xcconfig"; sourceTree = "<group>"; };
/* End PBXFileReference section */

/* Begin PBXFrameworksBuildPhase section */
		C59690F7216141D1003CDCB3 /* Frameworks */ = {
			isa = PBXFrameworksBuildPhase;
			buildActionMask = 2147483647;
			files = (
				28E6E0F2C770FE4E1B18F0E6 /* Pods_Assignment1_Flix.framework in Frameworks */,
			);
			runOnlyForDeploymentPostprocessing = 0;
		};
		C596910B216141D2003CDCB3 /* Frameworks */ = {
			isa = PBXFrameworksBuildPhase;
			buildActionMask = 2147483647;
			files = (
				4135DD5ACA42E7638050E007 /* Pods_Assignment1_FlixTests.framework in Frameworks */,
			);
			runOnlyForDeploymentPostprocessing = 0;
		};
		C5969116216141D2003CDCB3 /* Frameworks */ = {
			isa = PBXFrameworksBuildPhase;
			buildActionMask = 2147483647;
			files = (
				2C8E5FB42D7CBD85F710695E /* Pods_Assignment1_FlixUITests.framework in Frameworks */,
			);
			runOnlyForDeploymentPostprocessing = 0;
		};
/* End PBXFrameworksBuildPhase section */

/* Begin PBXGroup section */
		BF206B08EE1738809D61A660 /* Pods */ = {
			isa = PBXGroup;
			children = (
				D677103B95E7BBD9B30B764F /* Pods-Assignment1_Flix.debug.xcconfig */,
				FAB4CFF4FF90B33A86EA9311 /* Pods-Assignment1_Flix.release.xcconfig */,
				1E01B193BAACA22543CF562B /* Pods-Assignment1_FlixTests.debug.xcconfig */,
				18122AFEA757C32E9F6A3E58 /* Pods-Assignment1_FlixTests.release.xcconfig */,
				8220957896383FD4B5B77169 /* Pods-Assignment1_FlixUITests.debug.xcconfig */,
				D43A7747E13046FDA7A7F4DE /* Pods-Assignment1_FlixUITests.release.xcconfig */,
			);
			name = Pods;
			sourceTree = "<group>";
		};
		C59690F1216141D1003CDCB3 = {
			isa = PBXGroup;
			children = (
				C59690FC216141D1003CDCB3 /* Assignment1_Flix */,
				C5969111216141D2003CDCB3 /* Assignment1_FlixTests */,
				C596911C216141D2003CDCB3 /* Assignment1_FlixUITests */,
				C59690FB216141D1003CDCB3 /* Products */,
				BF206B08EE1738809D61A660 /* Pods */,
				D068DE92F10A922AD3A6FC7E /* Frameworks */,
			);
			sourceTree = "<group>";
		};
		C59690FB216141D1003CDCB3 /* Products */ = {
			isa = PBXGroup;
			children = (
				C59690FA216141D1003CDCB3 /* Assignment1_Flix.app */,
				C596910E216141D2003CDCB3 /* Assignment1_FlixTests.xctest */,
				C5969119216141D2003CDCB3 /* Assignment1_FlixUITests.xctest */,
			);
			name = Products;
			sourceTree = "<group>";
		};
		C59690FC216141D1003CDCB3 /* Assignment1_Flix */ = {
			isa = PBXGroup;
			children = (
				C596912B21629296003CDCB3 /* NowPlayingViewController.swift */,
				C5969104216141D2003CDCB3 /* Assets.xcassets */,
				C59690FD216141D1003CDCB3 /* AppDelegate.swift */,
				C5969101216141D1003CDCB3 /* Main.storyboard */,
				C5969106216141D2003CDCB3 /* LaunchScreen.storyboard */,
				C5969109216141D2003CDCB3 /* Info.plist */,
				C596912D2162AA54003CDCB3 /* MovieCell.swift */,
			);
			path = Assignment1_Flix;
			sourceTree = "<group>";
		};
		C5969111216141D2003CDCB3 /* Assignment1_FlixTests */ = {
			isa = PBXGroup;
			children = (
				C5969112216141D2003CDCB3 /* Assignment1_FlixTests.swift */,
				C5969114216141D2003CDCB3 /* Info.plist */,
			);
			path = Assignment1_FlixTests;
			sourceTree = "<group>";
		};
		C596911C216141D2003CDCB3 /* Assignment1_FlixUITests */ = {
			isa = PBXGroup;
			children = (
				C596911D216141D2003CDCB3 /* Assignment1_FlixUITests.swift */,
				C596911F216141D2003CDCB3 /* Info.plist */,
			);
			path = Assignment1_FlixUITests;
			sourceTree = "<group>";
		};
		D068DE92F10A922AD3A6FC7E /* Frameworks */ = {
			isa = PBXGroup;
			children = (
				B21007FF3DD5E04E0D9DF713 /* Pods_Assignment1_Flix.framework */,
				E2699ECAB8575431E5A6C6F1 /* Pods_Assignment1_FlixTests.framework */,
				7C8E97E9CA20E645607D93B0 /* Pods_Assignment1_FlixUITests.framework */,
			);
			name = Frameworks;
			sourceTree = "<group>";
		};
/* End PBXGroup section */

/* Begin PBXNativeTarget section */
		C59690F9216141D1003CDCB3 /* Assignment1_Flix */ = {
			isa = PBXNativeTarget;
			buildConfigurationList = C5969122216141D2003CDCB3 /* Build configuration list for PBXNativeTarget "Assignment1_Flix" */;
			buildPhases = (
				34E59EF3B2B329616468FAFD /* [CP] Check Pods Manifest.lock */,
				C59690F6216141D1003CDCB3 /* Sources */,
				C59690F7216141D1003CDCB3 /* Frameworks */,
				C59690F8216141D1003CDCB3 /* Resources */,
				E6D1A1811458022E9A1071A4 /* [CP] Embed Pods Frameworks */,
			);
			buildRules = (
			);
			dependencies = (
			);
			name = Assignment1_Flix;
			productName = Assignment1_Flix;
			productReference = C59690FA216141D1003CDCB3 /* Assignment1_Flix.app */;
			productType = "com.apple.product-type.application";
		};
		C596910D216141D2003CDCB3 /* Assignment1_FlixTests */ = {
			isa = PBXNativeTarget;
			buildConfigurationList = C5969125216141D2003CDCB3 /* Build configuration list for PBXNativeTarget "Assignment1_FlixTests" */;
			buildPhases = (
				90DB23F6FBD151E267421AC8 /* [CP] Check Pods Manifest.lock */,
				C596910A216141D2003CDCB3 /* Sources */,
				C596910B216141D2003CDCB3 /* Frameworks */,
				C596910C216141D2003CDCB3 /* Resources */,
			);
			buildRules = (
			);
			dependencies = (
				C5969110216141D2003CDCB3 /* PBXTargetDependency */,
			);
			name = Assignment1_FlixTests;
			productName = Assignment1_FlixTests;
			productReference = C596910E216141D2003CDCB3 /* Assignment1_FlixTests.xctest */;
			productType = "com.apple.product-type.bundle.unit-test";
		};
		C5969118216141D2003CDCB3 /* Assignment1_FlixUITests */ = {
			isa = PBXNativeTarget;
			buildConfigurationList = C5969128216141D2003CDCB3 /* Build configuration list for PBXNativeTarget "Assignment1_FlixUITests" */;
			buildPhases = (
				847F4D9BEAEDD91A19796BB4 /* [CP] Check Pods Manifest.lock */,
				C5969115216141D2003CDCB3 /* Sources */,
				C5969116216141D2003CDCB3 /* Frameworks */,
				C5969117216141D2003CDCB3 /* Resources */,
			);
			buildRules = (
			);
			dependencies = (
				C596911B216141D2003CDCB3 /* PBXTargetDependency */,
			);
			name = Assignment1_FlixUITests;
			productName = Assignment1_FlixUITests;
			productReference = C5969119216141D2003CDCB3 /* Assignment1_FlixUITests.xctest */;
			productType = "com.apple.product-type.bundle.ui-testing";
		};
/* End PBXNativeTarget section */

/* Begin PBXProject section */
		C59690F2216141D1003CDCB3 /* Project object */ = {
			isa = PBXProject;
			attributes = {
				LastSwiftUpdateCheck = 0940;
				LastUpgradeCheck = 0940;
				ORGANIZATIONNAME = "Yu Ting Yang";
				TargetAttributes = {
					C59690F9216141D1003CDCB3 = {
						CreatedOnToolsVersion = 9.4.1;
					};
					C596910D216141D2003CDCB3 = {
						CreatedOnToolsVersion = 9.4.1;
						TestTargetID = C59690F9216141D1003CDCB3;
					};
					C5969118216141D2003CDCB3 = {
						CreatedOnToolsVersion = 9.4.1;
						TestTargetID = C59690F9216141D1003CDCB3;
					};
				};
			};
			buildConfigurationList = C59690F5216141D1003CDCB3 /* Build configuration list for PBXProject "Assignment1_Flix" */;
			compatibilityVersion = "Xcode 9.3";
			developmentRegion = en;
			hasScannedForEncodings = 0;
			knownRegions = (
				en,
				Base,
			);
			mainGroup = C59690F1216141D1003CDCB3;
			productRefGroup = C59690FB216141D1003CDCB3 /* Products */;
			projectDirPath = "";
			projectRoot = "";
			targets = (
				C59690F9216141D1003CDCB3 /* Assignment1_Flix */,
				C596910D216141D2003CDCB3 /* Assignment1_FlixTests */,
				C5969118216141D2003CDCB3 /* Assignment1_FlixUITests */,
			);
		};
/* End PBXProject section */

/* Begin PBXResourcesBuildPhase section */
		C59690F8216141D1003CDCB3 /* Resources */ = {
			isa = PBXResourcesBuildPhase;
			buildActionMask = 2147483647;
			files = (
				C5969108216141D2003CDCB3 /* LaunchScreen.storyboard in Resources */,
				C5969105216141D2003CDCB3 /* Assets.xcassets in Resources */,
				C5969103216141D1003CDCB3 /* Main.storyboard in Resources */,
			);
			runOnlyForDeploymentPostprocessing = 0;
		};
		C596910C216141D2003CDCB3 /* Resources */ = {
			isa = PBXResourcesBuildPhase;
			buildActionMask = 2147483647;
			files = (
			);
			runOnlyForDeploymentPostprocessing = 0;
		};
		C5969117216141D2003CDCB3 /* Resources */ = {
			isa = PBXResourcesBuildPhase;
			buildActionMask = 2147483647;
			files = (
			);
			runOnlyForDeploymentPostprocessing = 0;
		};
/* End PBXResourcesBuildPhase section */

/* Begin PBXShellScriptBuildPhase section */
		34E59EF3B2B329616468FAFD /* [CP] Check Pods Manifest.lock */ = {
			isa = PBXShellScriptBuildPhase;
			buildActionMask = 2147483647;
			files = (
			);
			inputPaths = (
				"${PODS_PODFILE_DIR_PATH}/Podfile.lock",
				"${PODS_ROOT}/Manifest.lock",
			);
			name = "[CP] Check Pods Manifest.lock";
			outputPaths = (
				"$(DERIVED_FILE_DIR)/Pods-Assignment1_Flix-checkManifestLockResult.txt",
			);
			runOnlyForDeploymentPostprocessing = 0;
			shellPath = /bin/sh;
			shellScript = "diff \"${PODS_PODFILE_DIR_PATH}/Podfile.lock\" \"${PODS_ROOT}/Manifest.lock\" > /dev/null\nif [ $? != 0 ] ; then\n    # print error to STDERR\n    echo \"error: The sandbox is not in sync with the Podfile.lock. Run 'pod install' or update your CocoaPods installation.\" >&2\n    exit 1\nfi\n# This output is used by Xcode 'outputs' to avoid re-running this script phase.\necho \"SUCCESS\" > \"${SCRIPT_OUTPUT_FILE_0}\"\n";
			showEnvVarsInLog = 0;
		};
		847F4D9BEAEDD91A19796BB4 /* [CP] Check Pods Manifest.lock */ = {
			isa = PBXShellScriptBuildPhase;
			buildActionMask = 2147483647;
			files = (
			);
			inputPaths = (
				"${PODS_PODFILE_DIR_PATH}/Podfile.lock",
				"${PODS_ROOT}/Manifest.lock",
			);
			name = "[CP] Check Pods Manifest.lock";
			outputPaths = (
				"$(DERIVED_FILE_DIR)/Pods-Assignment1_FlixUITests-checkManifestLockResult.txt",
			);
			runOnlyForDeploymentPostprocessing = 0;
			shellPath = /bin/sh;
			shellScript = "diff \"${PODS_PODFILE_DIR_PATH}/Podfile.lock\" \"${PODS_ROOT}/Manifest.lock\" > /dev/null\nif [ $? != 0 ] ; then\n    # print error to STDERR\n    echo \"error: The sandbox is not in sync with the Podfile.lock. Run 'pod install' or update your CocoaPods installation.\" >&2\n    exit 1\nfi\n# This output is used by Xcode 'outputs' to avoid re-running this script phase.\necho \"SUCCESS\" > \"${SCRIPT_OUTPUT_FILE_0}\"\n";
			showEnvVarsInLog = 0;
		};
		90DB23F6FBD151E267421AC8 /* [CP] Check Pods Manifest.lock */ = {
			isa = PBXShellScriptBuildPhase;
			buildActionMask = 2147483647;
			files = (
			);
			inputPaths = (
				"${PODS_PODFILE_DIR_PATH}/Podfile.lock",
				"${PODS_ROOT}/Manifest.lock",
			);
			name = "[CP] Check Pods Manifest.lock";
			outputPaths = (
				"$(DERIVED_FILE_DIR)/Pods-Assignment1_FlixTests-checkManifestLockResult.txt",
			);
			runOnlyForDeploymentPostprocessing = 0;
			shellPath = /bin/sh;
			shellScript = "diff \"${PODS_PODFILE_DIR_PATH}/Podfile.lock\" \"${PODS_ROOT}/Manifest.lock\" > /dev/null\nif [ $? != 0 ] ; then\n    # print error to STDERR\n    echo \"error: The sandbox is not in sync with the Podfile.lock. Run 'pod install' or update your CocoaPods installation.\" >&2\n    exit 1\nfi\n# This output is used by Xcode 'outputs' to avoid re-running this script phase.\necho \"SUCCESS\" > \"${SCRIPT_OUTPUT_FILE_0}\"\n";
			showEnvVarsInLog = 0;
		};
		E6D1A1811458022E9A1071A4 /* [CP] Embed Pods Frameworks */ = {
			isa = PBXShellScriptBuildPhase;
			buildActionMask = 2147483647;
			files = (
			);
			inputPaths = (
				"${SRCROOT}/Pods/Target Support Files/Pods-Assignment1_Flix/Pods-Assignment1_Flix-frameworks.sh",
				"${BUILT_PRODUCTS_DIR}/Alamofire/Alamofire.framework",
				"${BUILT_PRODUCTS_DIR}/AlamofireImage/AlamofireImage.framework",
			);
			name = "[CP] Embed Pods Frameworks";
			outputPaths = (
				"${TARGET_BUILD_DIR}/${FRAMEWORKS_FOLDER_PATH}/Alamofire.framework",
				"${TARGET_BUILD_DIR}/${FRAMEWORKS_FOLDER_PATH}/AlamofireImage.framework",
			);
			runOnlyForDeploymentPostprocessing = 0;
			shellPath = /bin/sh;
			shellScript = "\"${SRCROOT}/Pods/Target Support Files/Pods-Assignment1_Flix/Pods-Assignment1_Flix-frameworks.sh\"\n";
			showEnvVarsInLog = 0;
		};
/* End PBXShellScriptBuildPhase section */

/* Begin PBXSourcesBuildPhase section */
		C59690F6216141D1003CDCB3 /* Sources */ = {
			isa = PBXSourcesBuildPhase;
			buildActionMask = 2147483647;
			files = (
				C596912C21629296003CDCB3 /* NowPlayingViewController.swift in Sources */,
				C59690FE216141D1003CDCB3 /* AppDelegate.swift in Sources */,
				C596912E2162AA54003CDCB3 /* MovieCell.swift in Sources */,
			);
			runOnlyForDeploymentPostprocessing = 0;
		};
		C596910A216141D2003CDCB3 /* Sources */ = {
			isa = PBXSourcesBuildPhase;
			buildActionMask = 2147483647;
			files = (
				C5969113216141D2003CDCB3 /* Assignment1_FlixTests.swift in Sources */,
			);
			runOnlyForDeploymentPostprocessing = 0;
		};
		C5969115216141D2003CDCB3 /* Sources */ = {
			isa = PBXSourcesBuildPhase;
			buildActionMask = 2147483647;
			files = (
				C596911E216141D2003CDCB3 /* Assignment1_FlixUITests.swift in Sources */,
			);
			runOnlyForDeploymentPostprocessing = 0;
		};
/* End PBXSourcesBuildPhase section */

/* Begin PBXTargetDependency section */
		C5969110216141D2003CDCB3 /* PBXTargetDependency */ = {
			isa = PBXTargetDependency;
			target = C59690F9216141D1003CDCB3 /* Assignment1_Flix */;
			targetProxy = C596910F216141D2003CDCB3 /* PBXContainerItemProxy */;
		};
		C596911B216141D2003CDCB3 /* PBXTargetDependency */ = {
			isa = PBXTargetDependency;
			target = C59690F9216141D1003CDCB3 /* Assignment1_Flix */;
			targetProxy = C596911A216141D2003CDCB3 /* PBXContainerItemProxy */;
		};
/* End PBXTargetDependency section */

/* Begin PBXVariantGroup section */
		C5969101216141D1003CDCB3 /* Main.storyboard */ = {
			isa = PBXVariantGroup;
			children = (
				C5969102216141D1003CDCB3 /* Base */,
			);
			name = Main.storyboard;
			sourceTree = "<group>";
		};
		C5969106216141D2003CDCB3 /* LaunchScreen.storyboard */ = {
			isa = PBXVariantGroup;
			children = (
				C5969107216141D2003CDCB3 /* Base */,
			);
			name = LaunchScreen.storyboard;
			sourceTree = "<group>";
		};
/* End PBXVariantGroup section */

/* Begin XCBuildConfiguration section */
		C5969120216141D2003CDCB3 /* Debug */ = {
			isa = XCBuildConfiguration;
			buildSettings = {
				ALWAYS_SEARCH_USER_PATHS = NO;
				CLANG_ANALYZER_NONNULL = YES;
				CLANG_ANALYZER_NUMBER_OBJECT_CONVERSION = YES_AGGRESSIVE;
				CLANG_CXX_LANGUAGE_STANDARD = "gnu++14";
				CLANG_CXX_LIBRARY = "libc++";
				CLANG_ENABLE_MODULES = YES;
				CLANG_ENABLE_OBJC_ARC = YES;
				CLANG_ENABLE_OBJC_WEAK = YES;
				CLANG_WARN_BLOCK_CAPTURE_AUTORELEASING = YES;
				CLANG_WARN_BOOL_CONVERSION = YES;
				CLANG_WARN_COMMA = YES;
				CLANG_WARN_CONSTANT_CONVERSION = YES;
				CLANG_WARN_DEPRECATED_OBJC_IMPLEMENTATIONS = YES;
				CLANG_WARN_DIRECT_OBJC_ISA_USAGE = YES_ERROR;
				CLANG_WARN_DOCUMENTATION_COMMENTS = YES;
				CLANG_WARN_EMPTY_BODY = YES;
				CLANG_WARN_ENUM_CONVERSION = YES;
				CLANG_WARN_INFINITE_RECURSION = YES;
				CLANG_WARN_INT_CONVERSION = YES;
				CLANG_WARN_NON_LITERAL_NULL_CONVERSION = YES;
				CLANG_WARN_OBJC_IMPLICIT_RETAIN_SELF = YES;
				CLANG_WARN_OBJC_LITERAL_CONVERSION = YES;
				CLANG_WARN_OBJC_ROOT_CLASS = YES_ERROR;
				CLANG_WARN_RANGE_LOOP_ANALYSIS = YES;
				CLANG_WARN_STRICT_PROTOTYPES = YES;
				CLANG_WARN_SUSPICIOUS_MOVE = YES;
				CLANG_WARN_UNGUARDED_AVAILABILITY = YES_AGGRESSIVE;
				CLANG_WARN_UNREACHABLE_CODE = YES;
				CLANG_WARN__DUPLICATE_METHOD_MATCH = YES;
				CODE_SIGN_IDENTITY = "iPhone Developer";
				COPY_PHASE_STRIP = NO;
				DEBUG_INFORMATION_FORMAT = dwarf;
				ENABLE_STRICT_OBJC_MSGSEND = YES;
				ENABLE_TESTABILITY = YES;
				GCC_C_LANGUAGE_STANDARD = gnu11;
				GCC_DYNAMIC_NO_PIC = NO;
				GCC_NO_COMMON_BLOCKS = YES;
				GCC_OPTIMIZATION_LEVEL = 0;
				GCC_PREPROCESSOR_DEFINITIONS = (
					"DEBUG=1",
					"$(inherited)",
				);
				GCC_WARN_64_TO_32_BIT_CONVERSION = YES;
				GCC_WARN_ABOUT_RETURN_TYPE = YES_ERROR;
				GCC_WARN_UNDECLARED_SELECTOR = YES;
				GCC_WARN_UNINITIALIZED_AUTOS = YES_AGGRESSIVE;
				GCC_WARN_UNUSED_FUNCTION = YES;
				GCC_WARN_UNUSED_VARIABLE = YES;
				IPHONEOS_DEPLOYMENT_TARGET = 11.4;
				MTL_ENABLE_DEBUG_INFO = YES;
				ONLY_ACTIVE_ARCH = YES;
				SDKROOT = iphoneos;
				SWIFT_ACTIVE_COMPILATION_CONDITIONS = DEBUG;
				SWIFT_OPTIMIZATION_LEVEL = "-Onone";
			};
			name = Debug;
		};
		C5969121216141D2003CDCB3 /* Release */ = {
			isa = XCBuildConfiguration;
			buildSettings = {
				ALWAYS_SEARCH_USER_PATHS = NO;
				CLANG_ANALYZER_NONNULL = YES;
				CLANG_ANALYZER_NUMBER_OBJECT_CONVERSION = YES_AGGRESSIVE;
				CLANG_CXX_LANGUAGE_STANDARD = "gnu++14";
				CLANG_CXX_LIBRARY = "libc++";
				CLANG_ENABLE_MODULES = YES;
				CLANG_ENABLE_OBJC_ARC = YES;
				CLANG_ENABLE_OBJC_WEAK = YES;
				CLANG_WARN_BLOCK_CAPTURE_AUTORELEASING = YES;
				CLANG_WARN_BOOL_CONVERSION = YES;
				CLANG_WARN_COMMA = YES;
				CLANG_WARN_CONSTANT_CONVERSION = YES;
				CLANG_WARN_DEPRECATED_OBJC_IMPLEMENTATIONS = YES;
				CLANG_WARN_DIRECT_OBJC_ISA_USAGE = YES_ERROR;
				CLANG_WARN_DOCUMENTATION_COMMENTS = YES;
				CLANG_WARN_EMPTY_BODY = YES;
				CLANG_WARN_ENUM_CONVERSION = YES;
				CLANG_WARN_INFINITE_RECURSION = YES;
				CLANG_WARN_INT_CONVERSION = YES;
				CLANG_WARN_NON_LITERAL_NULL_CONVERSION = YES;
				CLANG_WARN_OBJC_IMPLICIT_RETAIN_SELF = YES;
				CLANG_WARN_OBJC_LITERAL_CONVERSION = YES;
				CLANG_WARN_OBJC_ROOT_CLASS = YES_ERROR;
				CLANG_WARN_RANGE_LOOP_ANALYSIS = YES;
				CLANG_WARN_STRICT_PROTOTYPES = YES;
				CLANG_WARN_SUSPICIOUS_MOVE = YES;
				CLANG_WARN_UNGUARDED_AVAILABILITY = YES_AGGRESSIVE;
				CLANG_WARN_UNREACHABLE_CODE = YES;
				CLANG_WARN__DUPLICATE_METHOD_MATCH = YES;
				CODE_SIGN_IDENTITY = "iPhone Developer";
				COPY_PHASE_STRIP = NO;
				DEBUG_INFORMATION_FORMAT = "dwarf-with-dsym";
				ENABLE_NS_ASSERTIONS = NO;
				ENABLE_STRICT_OBJC_MSGSEND = YES;
				GCC_C_LANGUAGE_STANDARD = gnu11;
				GCC_NO_COMMON_BLOCKS = YES;
				GCC_WARN_64_TO_32_BIT_CONVERSION = YES;
				GCC_WARN_ABOUT_RETURN_TYPE = YES_ERROR;
				GCC_WARN_UNDECLARED_SELECTOR = YES;
				GCC_WARN_UNINITIALIZED_AUTOS = YES_AGGRESSIVE;
				GCC_WARN_UNUSED_FUNCTION = YES;
				GCC_WARN_UNUSED_VARIABLE = YES;
				IPHONEOS_DEPLOYMENT_TARGET = 11.4;
				MTL_ENABLE_DEBUG_INFO = NO;
				SDKROOT = iphoneos;
				SWIFT_COMPILATION_MODE = wholemodule;
				SWIFT_OPTIMIZATION_LEVEL = "-O";
				VALIDATE_PRODUCT = YES;
			};
			name = Release;
		};
		C5969123216141D2003CDCB3 /* Debug */ = {
			isa = XCBuildConfiguration;
			baseConfigurationReference = D677103B95E7BBD9B30B764F /* Pods-Assignment1_Flix.debug.xcconfig */;
			buildSettings = {
				ASSETCATALOG_COMPILER_APPICON_NAME = AppIcon;
				CODE_SIGN_STYLE = Automatic;
				INFOPLIST_FILE = Assignment1_Flix/Info.plist;
				LD_RUNPATH_SEARCH_PATHS = (
					"$(inherited)",
					"@executable_path/Frameworks",
				);
				PRODUCT_BUNDLE_IDENTIFIER = "Yu-Ting-Yang.Assignment1-Flix";
				PRODUCT_NAME = "$(TARGET_NAME)";
				SWIFT_VERSION = 4.0;
				TARGETED_DEVICE_FAMILY = "1,2";
			};
			name = Debug;
		};
		C5969124216141D2003CDCB3 /* Release */ = {
			isa = XCBuildConfiguration;
			baseConfigurationReference = FAB4CFF4FF90B33A86EA9311 /* Pods-Assignment1_Flix.release.xcconfig */;
			buildSettings = {
				ASSETCATALOG_COMPILER_APPICON_NAME = AppIcon;
				CODE_SIGN_STYLE = Automatic;
				INFOPLIST_FILE = Assignment1_Flix/Info.plist;
				LD_RUNPATH_SEARCH_PATHS = (
					"$(inherited)",
					"@executable_path/Frameworks",
				);
				PRODUCT_BUNDLE_IDENTIFIER = "Yu-Ting-Yang.Assignment1-Flix";
				PRODUCT_NAME = "$(TARGET_NAME)";
				SWIFT_VERSION = 4.0;
				TARGETED_DEVICE_FAMILY = "1,2";
			};
			name = Release;
		};
		C5969126216141D2003CDCB3 /* Debug */ = {
			isa = XCBuildConfiguration;
			baseConfigurationReference = 1E01B193BAACA22543CF562B /* Pods-Assignment1_FlixTests.debug.xcconfig */;
			buildSettings = {
				ALWAYS_EMBED_SWIFT_STANDARD_LIBRARIES = YES;
				BUNDLE_LOADER = "$(TEST_HOST)";
				CODE_SIGN_STYLE = Automatic;
				INFOPLIST_FILE = Assignment1_FlixTests/Info.plist;
				LD_RUNPATH_SEARCH_PATHS = (
					"$(inherited)",
					"@executable_path/Frameworks",
					"@loader_path/Frameworks",
				);
				PRODUCT_BUNDLE_IDENTIFIER = "Yu-Ting-Yang.Assignment1-FlixTests";
				PRODUCT_NAME = "$(TARGET_NAME)";
				SWIFT_VERSION = 4.0;
				TARGETED_DEVICE_FAMILY = "1,2";
				TEST_HOST = "$(BUILT_PRODUCTS_DIR)/Assignment1_Flix.app/Assignment1_Flix";
			};
			name = Debug;
		};
		C5969127216141D2003CDCB3 /* Release */ = {
			isa = XCBuildConfiguration;
			baseConfigurationReference = 18122AFEA757C32E9F6A3E58 /* Pods-Assignment1_FlixTests.release.xcconfig */;
			buildSettings = {
				ALWAYS_EMBED_SWIFT_STANDARD_LIBRARIES = YES;
				BUNDLE_LOADER = "$(TEST_HOST)";
				CODE_SIGN_STYLE = Automatic;
				INFOPLIST_FILE = Assignment1_FlixTests/Info.plist;
				LD_RUNPATH_SEARCH_PATHS = (
					"$(inherited)",
					"@executable_path/Frameworks",
					"@loader_path/Frameworks",
				);
				PRODUCT_BUNDLE_IDENTIFIER = "Yu-Ting-Yang.Assignment1-FlixTests";
				PRODUCT_NAME = "$(TARGET_NAME)";
				SWIFT_VERSION = 4.0;
				TARGETED_DEVICE_FAMILY = "1,2";
				TEST_HOST = "$(BUILT_PRODUCTS_DIR)/Assignment1_Flix.app/Assignment1_Flix";
			};
			name = Release;
		};
		C5969129216141D2003CDCB3 /* Debug */ = {
			isa = XCBuildConfiguration;
			baseConfigurationReference = 8220957896383FD4B5B77169 /* Pods-Assignment1_FlixUITests.debug.xcconfig */;
			buildSettings = {
				ALWAYS_EMBED_SWIFT_STANDARD_LIBRARIES = YES;
				CODE_SIGN_STYLE = Automatic;
				INFOPLIST_FILE = Assignment1_FlixUITests/Info.plist;
				LD_RUNPATH_SEARCH_PATHS = (
					"$(inherited)",
					"@executable_path/Frameworks",
					"@loader_path/Frameworks",
				);
				PRODUCT_BUNDLE_IDENTIFIER = "Yu-Ting-Yang.Assignment1-FlixUITests";
				PRODUCT_NAME = "$(TARGET_NAME)";
				SWIFT_VERSION = 4.0;
				TARGETED_DEVICE_FAMILY = "1,2";
				TEST_TARGET_NAME = Assignment1_Flix;
			};
			name = Debug;
		};
		C596912A216141D2003CDCB3 /* Release */ = {
			isa = XCBuildConfiguration;
			baseConfigurationReference = D43A7747E13046FDA7A7F4DE /* Pods-Assignment1_FlixUITests.release.xcconfig */;
			buildSettings = {
				ALWAYS_EMBED_SWIFT_STANDARD_LIBRARIES = YES;
				CODE_SIGN_STYLE = Automatic;
				INFOPLIST_FILE = Assignment1_FlixUITests/Info.plist;
				LD_RUNPATH_SEARCH_PATHS = (
					"$(inherited)",
					"@executable_path/Frameworks",
					"@loader_path/Frameworks",
				);
				PRODUCT_BUNDLE_IDENTIFIER = "Yu-Ting-Yang.Assignment1-FlixUITests";
				PRODUCT_NAME = "$(TARGET_NAME)";
				SWIFT_VERSION = 4.0;
				TARGETED_DEVICE_FAMILY = "1,2";
				TEST_TARGET_NAME = Assignment1_Flix;
			};
			name = Release;
		};
/* End XCBuildConfiguration section */

/* Begin XCConfigurationList section */
		C59690F5216141D1003CDCB3 /* Build configuration list for PBXProject "Assignment1_Flix" */ = {
			isa = XCConfigurationList;
			buildConfigurations = (
				C5969120216141D2003CDCB3 /* Debug */,
				C5969121216141D2003CDCB3 /* Release */,
			);
			defaultConfigurationIsVisible = 0;
			defaultConfigurationName = Release;
		};
		C5969122216141D2003CDCB3 /* Build configuration list for PBXNativeTarget "Assignment1_Flix" */ = {
			isa = XCConfigurationList;
			buildConfigurations = (
				C5969123216141D2003CDCB3 /* Debug */,
				C5969124216141D2003CDCB3 /* Release */,
			);
			defaultConfigurationIsVisible = 0;
			defaultConfigurationName = Release;
		};
		C5969125216141D2003CDCB3 /* Build configuration list for PBXNativeTarget "Assignment1_FlixTests" */ = {
			isa = XCConfigurationList;
			buildConfigurations = (
				C5969126216141D2003CDCB3 /* Debug */,
				C5969127216141D2003CDCB3 /* Release */,
			);
			defaultConfigurationIsVisible = 0;
			defaultConfigurationName = Release;
		};
		C5969128216141D2003CDCB3 /* Build configuration list for PBXNativeTarget "Assignment1_FlixUITests" */ = {
			isa = XCConfigurationList;
			buildConfigurations = (
				C5969129216141D2003CDCB3 /* Debug */,
				C596912A216141D2003CDCB3 /* Release */,
			);
			defaultConfigurationIsVisible = 0;
			defaultConfigurationName = Release;
		};
/* End XCConfigurationList section */
	};
	rootObject = C59690F2216141D1003CDCB3 /* Project object */;
}
